lockfileVersion: '6.0'

settings:
  autoInstallPeers: true
  excludeLinksFromLockfile: false

importers:

  .:
    devDependencies:
      typescript:
        specifier: ^5.3.3
        version: 5.3.3

  examples/app:
    dependencies:
      framework:
        specifier: workspace:*
        version: link:../../packages/framework

  packages/framework:
    dependencies:
      babel-standalone:
        specifier: ^6.26.0
        version: 6.26.0
      commander:
        specifier: ^11.1.0
        version: 11.1.0
      react:
        specifier: ^18.2.0
        version: 18.2.0
      react-dom:
        specifier: ^18.2.0
        version: 18.2.0(react@18.2.0)

packages:

  /babel-standalone@6.26.0:
    resolution: {integrity: sha1-Ffs9NfLEVmlYFevx7Zb+fwFbaIY=}
    dev: false

  /commander@11.1.0:
    resolution: {integrity: sha512-yPVavfyCcRhmorC7rWlkHn15b4wDVgVmBA7kV4QVBsF7kv/9TKJAbAXVTxvTnwP8HHKjRCJDClKbciiYS7p0DQ==}
    engines: {node: '>=16'}
    dev: false

  /js-tokens@4.0.0:
    resolution: {integrity: sha1-GSA/tZmR35jjoocFDUZHzerzJJk=}
    dev: false

  /loose-envify@1.4.0:
    resolution: {integrity: sha1-ce5R+nvkyuwaY4OffmgtgTLTDK8=}
    hasBin: true
    dependencies:
      js-tokens: 4.0.0
    dev: false

  /react-dom@18.2.0(react@18.2.0):
    resolution: {integrity: sha512-6IMTriUmvsjHUjNtEDudZfuDQUoWXVxKHhlEGSk81n4YFS+r/Kl99wXiwlVXtPBtJenozv2P+hxDsw9eA7Xo6g==}
    peerDependencies:
      react: ^18.2.0
    dependencies:
      loose-envify: 1.4.0
      react: 18.2.0
      scheduler: 0.23.0
    dev: false

  /react@18.2.0:
    resolution: {integrity: sha512-/3IjMdb2L9QbBdWiW5e3P2/npwMBaU9mHCSCUzNln0ZCYbcfTsGbTJrU/kGemdH2IWmB2ioZ+zkxtmq6g09fGQ==}
    engines: {node: '>=0.10.0'}
    dependencies:
      loose-envify: 1.4.0
    dev: false

  /scheduler@0.23.0:
    resolution: {integrity: sha512-CtuThmgHNg7zIZWAXi3AsyIzA3n4xx7aNyjwC2VJldO2LMVDhFK+63xGqq6CsJH4rTAt6/M+N4GhZiDYPx9eUw==}
    dependencies:
      loose-envify: 1.4.0
    dev: false

  /typescript@5.3.3:
    resolution: {integrity: sha512-pXWcraxM0uxAS+tN0AG/BF2TyqmHO014Z070UsJ+pFvYuRSq8KH8DmWpnbXe0pEPDHXZV3FcAbJkijJ5oNEnWw==}
    engines: {node: '>=14.17'}
    hasBin: true
    dev: true
